# This file is autogenerated, do not edit; changes may be undone by the next 'dep ensure'.


[[projects]]
  name = "github.com/attic-labs/graphql"
  packages = [".","gqlerrors"]
  revision = "e13376c2344b5694a62b7cf6cd8b543c813cd5ee"
  version = "v0.6.0"

[[projects]]
  name = "github.com/attic-labs/noms"
  packages = ["go/chunks","go/constants","go/d","go/datas","go/hash","go/merge","go/nbs","go/ngql","go/types","go/util/exit","go/util/functions","go/util/sizecache","go/util/status","go/util/verbose","go/util/writers"]
  revision = "22f70f585d00bb0c6c62e11580f8260e711d4cce"
  source = "https://github.com/QuorumControl/noms.git"
  version = "v7.4"

[[projects]]
  name = "github.com/attic-labs/testify"
  packages = ["assert"]
  revision = "f390dcf405f7b83c997eac1b06768bb9f44dec18"
  version = "v1.1.3"

[[projects]]
  name = "github.com/aws/aws-sdk-go"
  packages = ["aws","aws/awserr","aws/awsutil","aws/client","aws/client/metadata","aws/corehandlers","aws/credentials","aws/credentials/ec2rolecreds","aws/credentials/endpointcreds","aws/credentials/stscreds","aws/defaults","aws/ec2metadata","aws/endpoints","aws/request","aws/session","aws/signer/v4","internal/shareddefaults","private/protocol","private/protocol/json/jsonutil","private/protocol/jsonrpc","private/protocol/query","private/protocol/query/queryutil","private/protocol/rest","private/protocol/restxml","private/protocol/xml/xmlutil","service/dynamodb","service/s3","service/sts"]
  revision = "094c4e4e03d9f1c2c7d25a17b5df5f2685ae922a"
  version = "v1.12.69"

[[projects]]
  branch = "master"
  name = "github.com/btcsuite/btcutil"
  packages = ["base58"]
  revision = "501929d3d046174c3d39f0ea54ece471aa17238c"

[[projects]]
  name = "github.com/davecgh/go-spew"
  packages = ["spew"]
  revision = "346938d642f2ec3594ed81d874461961cd0faa76"
  version = "v1.1.0"

[[projects]]
  branch = "master"
  name = "github.com/dustin/go-humanize"
  packages = ["."]
  revision = "bb3d318650d48840a39aa21a027c6630e198e626"

[[projects]]
  name = "github.com/fatih/structs"
  packages = ["."]
  revision = "a720dfa8df582c51dee1b36feabb906bde1588bd"
  version = "v1.0"

[[projects]]
  name = "github.com/go-ini/ini"
  packages = ["."]
  revision = "32e4c1e6bc4e7d0d8451aa6b75200d19e37a536a"
  version = "v1.32.0"

[[projects]]
  branch = "master"
  name = "github.com/golang/snappy"
  packages = ["."]
  revision = "553a641470496b2327abcac10b36396bd98e45c9"

[[projects]]
  name = "github.com/graphql-go/graphql"
  packages = ["gqlerrors","language/ast","language/kinds","language/lexer","language/location","language/parser","language/printer","language/source","language/typeInfo","language/visitor"]
  revision = "5e7dd4fc3e87341229fa03d8f79d2ab5455963fb"
  version = "v0.7.4"

[[projects]]
  name = "github.com/jmespath/go-jmespath"
  packages = ["."]
  revision = "0b12d6b5"

[[projects]]
  branch = "master"
  name = "github.com/jpillora/backoff"
  packages = ["."]
  revision = "8eab2debe79d12b7bd3d10653910df25fa9552ba"

[[projects]]
  branch = "master"
  name = "github.com/juju/gnuflag"
  packages = ["."]
  revision = "2ce1bb71843d6d179b3f1c1c9cb4a72cd067fc65"

[[projects]]
  name = "github.com/julienschmidt/httprouter"
  packages = ["."]
  revision = "8c199fb6259ffc1af525cc3ad52ee60ba8359669"
  version = "v1.1"

[[projects]]
  name = "github.com/kazarena/json-gold"
  packages = ["ld"]
  revision = "d724c3337ae7cffc4ab830902c4af587ad725a9c"
  version = "v0.3.0"

[[projects]]
  branch = "master"
  name = "github.com/kch42/buzhash"
  packages = ["."]
  revision = "9bdec3dec7c611fa97beadc374d75bdf02cd880e"

[[projects]]
  name = "github.com/pmezard/go-difflib"
  packages = ["difflib"]
  revision = "792786c7400a136282c1664665ae0a8db921c6c2"
  version = "v1.0.0"

[[projects]]
  name = "github.com/stretchr/testify"
  packages = ["assert"]
  revision = "b91bfb9ebec76498946beb6af7c0230c7cc7ba6c"
  version = "v1.2.0"

[[projects]]
  branch = "master"
  name = "github.com/syndtr/goleveldb"
  packages = ["leveldb","leveldb/cache","leveldb/comparer","leveldb/errors","leveldb/filter","leveldb/iterator","leveldb/journal","leveldb/memdb","leveldb/opt","leveldb/storage","leveldb/table","leveldb/util"]
  revision = "34011bf325bce385408353a30b101fe5e923eb6e"

[[projects]]
  branch = "master"
  name = "golang.org/x/crypto"
  packages = ["curve25519","ed25519","ed25519/internal/edwards25519","nacl/box","nacl/secretbox","poly1305","salsa20/salsa"]
  revision = "0efb9460aaf800c6376acf625be2853bceac2e06"

[[projects]]
  branch = "master"
  name = "golang.org/x/net"
  packages = ["context"]
  revision = "0ed95abb35c445290478a5348a7b38bb154135fd"

[[projects]]
  branch = "master"
  name = "golang.org/x/sys"
  packages = ["unix"]
  revision = "03467258950d845cd1877eab69461b98e8c09219"

[solve-meta]
  analyzer-name = "dep"
  analyzer-version = 1
  inputs-digest = "b568a22e06963f88a98f798aded662301ddc5c5535c552ea7210333fb1282f0f"
  solver-name = "gps-cdcl"
  solver-version = 1
